
Microsoft Visual Studio Solution File, Format Version 12.00
# Visual Studio Version 17
VisualStudioVersion = 17.9.34607.119
MinimumVisualStudioVersion = 10.0.40219.1
Project("{9A19103F-16F7-4668-BE54-9A1E7A4F7556}") = "IdentityUserLogin", "IdentityUserLogin.csproj", "{D73D81AE-4B4D-40B1-9DA7-F20B47E6D91A}"
EndProject
Project("{9A19103F-16F7-4668-BE54-9A1E7A4F7556}") = "IdentityUserLogin.Core", "..\IdentityUserLogin.Core\IdentityUserLogin.Core.csproj", "{90D0A737-DF46-4B1C-ABDB-D0565ADB44AA}"
EndProject
Project("{9A19103F-16F7-4668-BE54-9A1E7A4F7556}") = "IdentityUserLogin.Infrastructure", "..\IdentityUserLogin.Infrastructure\IdentityUserLogin.Infrastructure.csproj", "{960E3ECF-91B1-4B06-B307-13B2CE267EAD}"
EndProject
Global
	GlobalSection(SolutionConfigurationPlatforms) = preSolution
		Debug|Any CPU = Debug|Any CPU
		Release|Any CPU = Release|Any CPU
	EndGlobalSection
	GlobalSection(ProjectConfigurationPlatforms) = postSolution
		{D73D81AE-4B4D-40B1-9DA7-F20B47E6D91A}.Debug|Any CPU.ActiveCfg = Debug|Any CPU
		{D73D81AE-4B4D-40B1-9DA7-F20B47E6D91A}.Debug|Any CPU.Build.0 = Debug|Any CPU
		{D73D81AE-4B4D-40B1-9DA7-F20B47E6D91A}.Release|Any CPU.ActiveCfg = Release|Any CPU
		{D73D81AE-4B4D-40B1-9DA7-F20B47E6D91A}.Release|Any CPU.Build.0 = Release|Any CPU
		{90D0A737-DF46-4B1C-ABDB-D0565ADB44AA}.Debug|Any CPU.ActiveCfg = Debug|Any CPU
		{90D0A737-DF46-4B1C-ABDB-D0565ADB44AA}.Debug|Any CPU.Build.0 = Debug|Any CPU
		{90D0A737-DF46-4B1C-ABDB-D0565ADB44AA}.Release|Any CPU.ActiveCfg = Release|Any CPU
		{90D0A737-DF46-4B1C-ABDB-D0565ADB44AA}.Release|Any CPU.Build.0 = Release|Any CPU
		{960E3ECF-91B1-4B06-B307-13B2CE267EAD}.Debug|Any CPU.ActiveCfg = Debug|Any CPU
		{960E3ECF-91B1-4B06-B307-13B2CE267EAD}.Debug|Any CPU.Build.0 = Debug|Any CPU
		{960E3ECF-91B1-4B06-B307-13B2CE267EAD}.Release|Any CPU.ActiveCfg = Release|Any CPU
		{960E3ECF-91B1-4B06-B307-13B2CE267EAD}.Release|Any CPU.Build.0 = Release|Any CPU
	EndGlobalSection
	GlobalSection(SolutionProperties) = preSolution
		HideSolutionNode = FALSE
	EndGlobalSection
	GlobalSection(ExtensibilityGlobals) = postSolution
		SolutionGuid = {F83FB90E-A9E1-4447-BC0F-DACDEAD39DD6}
	EndGlobalSection
EndGlobal
